
Microsoft Visual Studio Solution File, Format Version 12.00
# Visual Studio Version 17
VisualStudioVersion = 17.7.34202.233
MinimumVisualStudioVersion = 10.0.40219.1
Project("{FAE04EC0-301F-11D3-BF4B-00C04F79EFBC}") = "assessment", "assessment\assessment.csproj", "{519A6C1A-F1B6-4AEB-8928-C26B38B697DC}"
EndProject
Global
	GlobalSection(SolutionConfigurationPlatforms) = preSolution
		Debug|Any CPU = Debug|Any CPU
		Release|Any CPU = Release|Any CPU
	EndGlobalSection
	GlobalSection(ProjectConfigurationPlatforms) = postSolution
		{519A6C1A-F1B6-4AEB-8928-C26B38B697DC}.Debug|Any CPU.ActiveCfg = Debug|Any CPU
		{519A6C1A-F1B6-4AEB-8928-C26B38B697DC}.Debug|Any CPU.Build.0 = Debug|Any CPU
		{519A6C1A-F1B6-4AEB-8928-C26B38B697DC}.Release|Any CPU.ActiveCfg = Release|Any CPU
		{519A6C1A-F1B6-4AEB-8928-C26B38B697DC}.Release|Any CPU.Build.0 = Release|Any CPU
	EndGlobalSection
	GlobalSection(SolutionProperties) = preSolution
		HideSolutionNode = FALSE
	EndGlobalSection
	GlobalSection(ExtensibilityGlobals) = postSolution
		SolutionGuid = {0431F91D-5B99-42AB-8562-B4ED82EA372B}
	EndGlobalSection
EndGlobal
